// !$*UTF8*$!
{
	archiveVersion = 1;
	classes = {
	};
	objectVersion = 56;
	objects = {

/* Begin PBXBuildFile section */
		1000000000000000000000B1 /* MusicWidgetUITests.swift in Sources */ = {isa = PBXBuildFile; fileRef = 1000000000000000000000A6 /* MusicWidgetUITests.swift */; };
/* End PBXBuildFile section */

/* Begin PBXFileReference section */
		1000000000000000000000A5 /* MusicWidgetUITests.xctest */ = {isa = PBXFileReference; explicitFileType = wrapper.cfbundle; includeInIndex = 0; path = MusicWidgetUITests.xctest; sourceTree = BUILT_PRODUCTS_DIR; };
		1000000000000000000000A6 /* MusicWidgetUITests.swift */ = {isa = PBXFileReference; lastKnownFileType = sourcecode.swift; name = MusicWidgetUITests.swift; path = Tests/MusicWidgetUITests/MusicWidgetUITests.swift; sourceTree = "<group>"; };
/* End PBXFileReference section */

/* Begin PBXFrameworksBuildPhase section */
		1000000000000000000000A9 /* Frameworks */ = {
			isa = PBXFrameworksBuildPhase;
			buildActionMask = 2147483647;
			files = (
			);
			runOnlyForDeploymentPostprocessing = 0;
		};
/* End PBXFrameworksBuildPhase section */

/* Begin PBXGroup section */
		1000000000000000000000A1 /* MainGroup */ = {
			isa = PBXGroup;
			children = (
				1000000000000000000000A3 /* MusicWidgetUITests */,
				1000000000000000000000A2 /* Products */,
			);
			sourceTree = "<group>";
		};
		1000000000000000000000A2 /* Products */ = {
			isa = PBXGroup;
			children = (
				1000000000000000000000A5 /* MusicWidgetUITests.xctest */,
			);
			name = Products;
			sourceTree = "<group>";
		};
		1000000000000000000000A3 /* MusicWidgetUITests */ = {
			isa = PBXGroup;
			children = (
				1000000000000000000000A6 /* MusicWidgetUITests.swift */,
			);
			name = MusicWidgetUITests;
			sourceTree = "<group>";
		};
/* End PBXGroup section */

/* Begin PBXNativeTarget section */
		1000000000000000000000A4 /* MusicWidgetUITests */ = {
			isa = PBXNativeTarget;
			buildConfigurationList = 1000000000000000000000AB /* Build configuration list for PBXNativeTarget "MusicWidgetUITests" */;
			buildPhases = (
				1000000000000000000000A8 /* Sources */,
				1000000000000000000000A9 /* Frameworks */,
				1000000000000000000000AA /* Resources */,
			);
			buildRules = (
			);
			dependencies = (
			);
			name = MusicWidgetUITests;
			productName = MusicWidgetUITests;
			productReference = 1000000000000000000000A5 /* MusicWidgetUITests.xctest */;
			productType = "com.apple.product-type.bundle.ui-testing";
		};
/* End PBXNativeTarget section */

/* Begin PBXProject section */
		1000000000000000000000A0 /* Project object */ = {
			isa = PBXProject;
			attributes = {
				BuildIndependentTargetsInParallel = 1;
				LastUpgradeCheck = 1600;
			};
			buildConfigurationList = 1000000000000000000000AE /* Build configuration list for PBXProject "MusicWidgetUITests" */;
			compatibilityVersion = "Xcode 14.0";
			developmentRegion = en;
			hasScannedForEncodings = 0;
			knownRegions = (
				en,
				Base,
			);
			mainGroup = 1000000000000000000000A1 /* MainGroup */;
			productRefGroup = 1000000000000000000000A2 /* Products */;
			projectDirPath = "";
			projectRoot = "";
			targets = (
				1000000000000000000000A4 /* MusicWidgetUITests */,
			);
		};
/* End PBXProject section */

/* Begin PBXResourcesBuildPhase section */
		1000000000000000000000AA /* Resources */ = {
			isa = PBXResourcesBuildPhase;
			buildActionMask = 2147483647;
			files = (
			);
			runOnlyForDeploymentPostprocessing = 0;
		};
/* End PBXResourcesBuildPhase section */

/* Begin PBXSourcesBuildPhase section */
		1000000000000000000000A8 /* Sources */ = {
			isa = PBXSourcesBuildPhase;
			buildActionMask = 2147483647;
			files = (
				1000000000000000000000B1 /* MusicWidgetUITests.swift in Sources */,
			);
			runOnlyForDeploymentPostprocessing = 0;
		};
/* End PBXSourcesBuildPhase section */

/* Begin XCBuildConfiguration section */
		1000000000000000000000AC /* Debug */ = {
			isa = XCBuildConfiguration;
			buildSettings = {
				CLANG_ENABLE_MODULES = YES;
				CODE_SIGN_IDENTITY = "-";
				CODE_SIGN_STYLE = Manual;
				DEVELOPMENT_TEAM = "";
				GENERATE_INFOPLIST_FILE = YES;
				MACOSX_DEPLOYMENT_TARGET = 14.0;
				PRODUCT_BUNDLE_IDENTIFIER = "com.musicwidget.uitests";
				PRODUCT_NAME = "$(TARGET_NAME)";
				SDKROOT = macosx;
				SWIFT_VERSION = 5.0;
			};
			name = Debug;
		};
		1000000000000000000000AD /* Release */ = {
			isa = XCBuildConfiguration;
			buildSettings = {
				CLANG_ENABLE_MODULES = YES;
				CODE_SIGN_IDENTITY = "-";
				CODE_SIGN_STYLE = Manual;
				DEVELOPMENT_TEAM = "";
				GENERATE_INFOPLIST_FILE = YES;
				MACOSX_DEPLOYMENT_TARGET = 14.0;
				PRODUCT_BUNDLE_IDENTIFIER = "com.musicwidget.uitests";
				PRODUCT_NAME = "$(TARGET_NAME)";
				SDKROOT = macosx;
				SWIFT_VERSION = 5.0;
			};
			name = Release;
		};
		1000000000000000000000AF /* Debug */ = {
			isa = XCBuildConfiguration;
			buildSettings = {
				CLANG_ANALYZER_NONNULL = YES;
				CLANG_ENABLE_OBJC_WEAK = YES;
				CLANG_WARN_DOCUMENTATION_COMMENTS = YES;
				COPY_PHASE_STRIP = NO;
				DEBUG_INFORMATION_FORMAT = dwarf;
				ENABLE_TESTABILITY = YES;
				GCC_C_LANGUAGE_STANDARD = gnu17;
				GCC_NO_COMMON_BLOCKS = YES;
				GCC_OPTIMIZATION_LEVEL = 0;
				MACOSX_DEPLOYMENT_TARGET = 14.0;
				MTL_ENABLE_DEBUG_INFO = INCLUDE_SOURCE;
				ONLY_ACTIVE_ARCH = YES;
				SDKROOT = macosx;
				SWIFT_OPTIMIZATION_LEVEL = "-Onone";
			};
			name = Debug;
		};
		1000000000000000000000B0 /* Release */ = {
			isa = XCBuildConfiguration;
			buildSettings = {
				CLANG_ANALYZER_NONNULL = YES;
				CLANG_ENABLE_OBJC_WEAK = YES;
				CLANG_WARN_DOCUMENTATION_COMMENTS = YES;
				COPY_PHASE_STRIP = NO;
				DEBUG_INFORMATION_FORMAT = "dwarf-with-dsym";
				ENABLE_NS_ASSERTIONS = NO;
				GCC_C_LANGUAGE_STANDARD = gnu17;
				GCC_NO_COMMON_BLOCKS = YES;
				MACOSX_DEPLOYMENT_TARGET = 14.0;
				MTL_ENABLE_DEBUG_INFO = NO;
				SDKROOT = macosx;
			};
			name = Release;
		};
/* End XCBuildConfiguration section */

/* Begin XCConfigurationList section */
		1000000000000000000000AB /* Build configuration list for PBXNativeTarget "MusicWidgetUITests" */ = {
			isa = XCConfigurationList;
			buildConfigurations = (
				1000000000000000000000AC /* Debug */,
				1000000000000000000000AD /* Release */,
			);
			defaultConfigurationIsVisible = 0;
			defaultConfigurationName = Release;
		};
		1000000000000000000000AE /* Build configuration list for PBXProject "MusicWidgetUITests" */ = {
			isa = XCConfigurationList;
			buildConfigurations = (
				1000000000000000000000AF /* Debug */,
				1000000000000000000000B0 /* Release */,
			);
			defaultConfigurationIsVisible = 0;
			defaultConfigurationName = Release;
		};
/* End XCConfigurationList section */
	};
	rootObject = 1000000000000000000000A0 /* Project object */;
}
